
Microsoft Visual Studio Solution File, Format Version 12.00
# Visual Studio Version 17
VisualStudioVersion = 17.5.33414.496
MinimumVisualStudioVersion = 10.0.40219.1
Project("{FAE04EC0-301F-11D3-BF4B-00C04F79EFBC}") = "Exercicios-C", "Exercicios-C\Exercicios-C.csproj", "{B80F0470-BE99-44B4-8FFD-18C5C9A75AC4}"
EndProject
Global
	GlobalSection(SolutionConfigurationPlatforms) = preSolution
		Debug|Any CPU = Debug|Any CPU
		Release|Any CPU = Release|Any CPU
	EndGlobalSection
	GlobalSection(ProjectConfigurationPlatforms) = postSolution
		{B80F0470-BE99-44B4-8FFD-18C5C9A75AC4}.Debug|Any CPU.ActiveCfg = Debug|Any CPU
		{B80F0470-BE99-44B4-8FFD-18C5C9A75AC4}.Debug|Any CPU.Build.0 = Debug|Any CPU
		{B80F0470-BE99-44B4-8FFD-18C5C9A75AC4}.Release|Any CPU.ActiveCfg = Release|Any CPU
		{B80F0470-BE99-44B4-8FFD-18C5C9A75AC4}.Release|Any CPU.Build.0 = Release|Any CPU
	EndGlobalSection
	GlobalSection(SolutionProperties) = preSolution
		HideSolutionNode = FALSE
	EndGlobalSection
	GlobalSection(ExtensibilityGlobals) = postSolution
		SolutionGuid = {03C67F81-40F1-4186-9EAA-0B87F050575B}
	EndGlobalSection
EndGlobal
